
Microsoft Visual Studio Solution File, Format Version 12.00
# Visual Studio Version 17
VisualStudioVersion = 17.0.31903.59
MinimumVisualStudioVersion = 10.0.40219.1
Project("{FAE04EC0-301F-11D3-BF4B-00C04F79EFBC}") = "WebApp.Domain", "WebApp.Domain\WebApp.Domain.csproj", "{3FB60275-69ED-43E8-914D-F686913434F0}"
EndProject
Project("{FAE04EC0-301F-11D3-BF4B-00C04F79EFBC}") = "WebApp.Infrastructure", "WebApp.Infrastructure\WebApp.Infrastructure.csproj", "{C769F108-F75A-4C75-AE19-3FF433C66621}"
EndProject
Project("{FAE04EC0-301F-11D3-BF4B-00C04F79EFBC}") = "WebApp.Api", "WebApp.Api\WebApp.Api.csproj", "{12C17AA1-3A01-41EE-B1B5-1BC88E740AA5}"
EndProject
Project("{FAE04EC0-301F-11D3-BF4B-00C04F79EFBC}") = "WebApp.Api.Common", "WebApp.Api.Common\WebApp.Api.Common.csproj", "{96DD9793-044E-4569-8A99-048959DAE152}"
EndProject
Project("{FAE04EC0-301F-11D3-BF4B-00C04F79EFBC}") = "WebApp.Api.V1", "WebApp.Api.V1\WebApp.Api.V1.csproj", "{82DC5AC0-3D4A-42EB-A42C-399779748CA5}"
EndProject
Project("{FAE04EC0-301F-11D3-BF4B-00C04F79EFBC}") = "WebApp.Application", "WebApp.Application\WebApp.Application.csproj", "{FEA4ACA5-AA43-4D32-95EC-160B267E820B}"
EndProject
Global
	GlobalSection(SolutionConfigurationPlatforms) = preSolution
		Debug|Any CPU = Debug|Any CPU
		Debug|x64 = Debug|x64
		Debug|x86 = Debug|x86
		Release|Any CPU = Release|Any CPU
		Release|x64 = Release|x64
		Release|x86 = Release|x86
	EndGlobalSection
	GlobalSection(ProjectConfigurationPlatforms) = postSolution
		{3FB60275-69ED-43E8-914D-F686913434F0}.Debug|Any CPU.ActiveCfg = Debug|Any CPU
		{3FB60275-69ED-43E8-914D-F686913434F0}.Debug|Any CPU.Build.0 = Debug|Any CPU
		{3FB60275-69ED-43E8-914D-F686913434F0}.Debug|x64.ActiveCfg = Debug|Any CPU
		{3FB60275-69ED-43E8-914D-F686913434F0}.Debug|x64.Build.0 = Debug|Any CPU
		{3FB60275-69ED-43E8-914D-F686913434F0}.Debug|x86.ActiveCfg = Debug|Any CPU
		{3FB60275-69ED-43E8-914D-F686913434F0}.Debug|x86.Build.0 = Debug|Any CPU
		{3FB60275-69ED-43E8-914D-F686913434F0}.Release|Any CPU.ActiveCfg = Release|Any CPU
		{3FB60275-69ED-43E8-914D-F686913434F0}.Release|Any CPU.Build.0 = Release|Any CPU
		{3FB60275-69ED-43E8-914D-F686913434F0}.Release|x64.ActiveCfg = Release|Any CPU
		{3FB60275-69ED-43E8-914D-F686913434F0}.Release|x64.Build.0 = Release|Any CPU
		{3FB60275-69ED-43E8-914D-F686913434F0}.Release|x86.ActiveCfg = Release|Any CPU
		{3FB60275-69ED-43E8-914D-F686913434F0}.Release|x86.Build.0 = Release|Any CPU
		{C769F108-F75A-4C75-AE19-3FF433C66621}.Debug|Any CPU.ActiveCfg = Debug|Any CPU
		{C769F108-F75A-4C75-AE19-3FF433C66621}.Debug|Any CPU.Build.0 = Debug|Any CPU
		{C769F108-F75A-4C75-AE19-3FF433C66621}.Debug|x64.ActiveCfg = Debug|Any CPU
		{C769F108-F75A-4C75-AE19-3FF433C66621}.Debug|x64.Build.0 = Debug|Any CPU
		{C769F108-F75A-4C75-AE19-3FF433C66621}.Debug|x86.ActiveCfg = Debug|Any CPU
		{C769F108-F75A-4C75-AE19-3FF433C66621}.Debug|x86.Build.0 = Debug|Any CPU
		{C769F108-F75A-4C75-AE19-3FF433C66621}.Release|Any CPU.ActiveCfg = Release|Any CPU
		{C769F108-F75A-4C75-AE19-3FF433C66621}.Release|Any CPU.Build.0 = Release|Any CPU
		{C769F108-F75A-4C75-AE19-3FF433C66621}.Release|x64.ActiveCfg = Release|Any CPU
		{C769F108-F75A-4C75-AE19-3FF433C66621}.Release|x64.Build.0 = Release|Any CPU
		{C769F108-F75A-4C75-AE19-3FF433C66621}.Release|x86.ActiveCfg = Release|Any CPU
		{C769F108-F75A-4C75-AE19-3FF433C66621}.Release|x86.Build.0 = Release|Any CPU
		{12C17AA1-3A01-41EE-B1B5-1BC88E740AA5}.Debug|Any CPU.ActiveCfg = Debug|Any CPU
		{12C17AA1-3A01-41EE-B1B5-1BC88E740AA5}.Debug|Any CPU.Build.0 = Debug|Any CPU
		{12C17AA1-3A01-41EE-B1B5-1BC88E740AA5}.Debug|x64.ActiveCfg = Debug|Any CPU
		{12C17AA1-3A01-41EE-B1B5-1BC88E740AA5}.Debug|x64.Build.0 = Debug|Any CPU
		{12C17AA1-3A01-41EE-B1B5-1BC88E740AA5}.Debug|x86.ActiveCfg = Debug|Any CPU
		{12C17AA1-3A01-41EE-B1B5-1BC88E740AA5}.Debug|x86.Build.0 = Debug|Any CPU
		{12C17AA1-3A01-41EE-B1B5-1BC88E740AA5}.Release|Any CPU.ActiveCfg = Release|Any CPU
		{12C17AA1-3A01-41EE-B1B5-1BC88E740AA5}.Release|Any CPU.Build.0 = Release|Any CPU
		{12C17AA1-3A01-41EE-B1B5-1BC88E740AA5}.Release|x64.ActiveCfg = Release|Any CPU
		{12C17AA1-3A01-41EE-B1B5-1BC88E740AA5}.Release|x64.Build.0 = Release|Any CPU
		{12C17AA1-3A01-41EE-B1B5-1BC88E740AA5}.Release|x86.ActiveCfg = Release|Any CPU
		{12C17AA1-3A01-41EE-B1B5-1BC88E740AA5}.Release|x86.Build.0 = Release|Any CPU
		{96DD9793-044E-4569-8A99-048959DAE152}.Debug|Any CPU.ActiveCfg = Debug|Any CPU
		{96DD9793-044E-4569-8A99-048959DAE152}.Debug|Any CPU.Build.0 = Debug|Any CPU
		{96DD9793-044E-4569-8A99-048959DAE152}.Debug|x64.ActiveCfg = Debug|Any CPU
		{96DD9793-044E-4569-8A99-048959DAE152}.Debug|x64.Build.0 = Debug|Any CPU
		{96DD9793-044E-4569-8A99-048959DAE152}.Debug|x86.ActiveCfg = Debug|Any CPU
		{96DD9793-044E-4569-8A99-048959DAE152}.Debug|x86.Build.0 = Debug|Any CPU
		{96DD9793-044E-4569-8A99-048959DAE152}.Release|Any CPU.ActiveCfg = Release|Any CPU
		{96DD9793-044E-4569-8A99-048959DAE152}.Release|Any CPU.Build.0 = Release|Any CPU
		{96DD9793-044E-4569-8A99-048959DAE152}.Release|x64.ActiveCfg = Release|Any CPU
		{96DD9793-044E-4569-8A99-048959DAE152}.Release|x64.Build.0 = Release|Any CPU
		{96DD9793-044E-4569-8A99-048959DAE152}.Release|x86.ActiveCfg = Release|Any CPU
		{96DD9793-044E-4569-8A99-048959DAE152}.Release|x86.Build.0 = Release|Any CPU
		{82DC5AC0-3D4A-42EB-A42C-399779748CA5}.Debug|Any CPU.ActiveCfg = Debug|Any CPU
		{82DC5AC0-3D4A-42EB-A42C-399779748CA5}.Debug|Any CPU.Build.0 = Debug|Any CPU
		{82DC5AC0-3D4A-42EB-A42C-399779748CA5}.Debug|x64.ActiveCfg = Debug|Any CPU
		{82DC5AC0-3D4A-42EB-A42C-399779748CA5}.Debug|x64.Build.0 = Debug|Any CPU
		{82DC5AC0-3D4A-42EB-A42C-399779748CA5}.Debug|x86.ActiveCfg = Debug|Any CPU
		{82DC5AC0-3D4A-42EB-A42C-399779748CA5}.Debug|x86.Build.0 = Debug|Any CPU
		{82DC5AC0-3D4A-42EB-A42C-399779748CA5}.Release|Any CPU.ActiveCfg = Release|Any CPU
		{82DC5AC0-3D4A-42EB-A42C-399779748CA5}.Release|Any CPU.Build.0 = Release|Any CPU
		{82DC5AC0-3D4A-42EB-A42C-399779748CA5}.Release|x64.ActiveCfg = Release|Any CPU
		{82DC5AC0-3D4A-42EB-A42C-399779748CA5}.Release|x64.Build.0 = Release|Any CPU
		{82DC5AC0-3D4A-42EB-A42C-399779748CA5}.Release|x86.ActiveCfg = Release|Any CPU
		{82DC5AC0-3D4A-42EB-A42C-399779748CA5}.Release|x86.Build.0 = Release|Any CPU
		{FEA4ACA5-AA43-4D32-95EC-160B267E820B}.Debug|Any CPU.ActiveCfg = Debug|Any CPU
		{FEA4ACA5-AA43-4D32-95EC-160B267E820B}.Debug|Any CPU.Build.0 = Debug|Any CPU
		{FEA4ACA5-AA43-4D32-95EC-160B267E820B}.Debug|x64.ActiveCfg = Debug|Any CPU
		{FEA4ACA5-AA43-4D32-95EC-160B267E820B}.Debug|x64.Build.0 = Debug|Any CPU
		{FEA4ACA5-AA43-4D32-95EC-160B267E820B}.Debug|x86.ActiveCfg = Debug|Any CPU
		{FEA4ACA5-AA43-4D32-95EC-160B267E820B}.Debug|x86.Build.0 = Debug|Any CPU
		{FEA4ACA5-AA43-4D32-95EC-160B267E820B}.Release|Any CPU.ActiveCfg = Release|Any CPU
		{FEA4ACA5-AA43-4D32-95EC-160B267E820B}.Release|Any CPU.Build.0 = Release|Any CPU
		{FEA4ACA5-AA43-4D32-95EC-160B267E820B}.Release|x64.ActiveCfg = Release|Any CPU
		{FEA4ACA5-AA43-4D32-95EC-160B267E820B}.Release|x64.Build.0 = Release|Any CPU
		{FEA4ACA5-AA43-4D32-95EC-160B267E820B}.Release|x86.ActiveCfg = Release|Any CPU
		{FEA4ACA5-AA43-4D32-95EC-160B267E820B}.Release|x86.Build.0 = Release|Any CPU
	EndGlobalSection
	GlobalSection(SolutionProperties) = preSolution
		HideSolutionNode = FALSE
	EndGlobalSection
EndGlobal
